
Microsoft Visual Studio Solution File, Format Version 12.00
# Visual Studio Version 16
VisualStudioVersion = 16.0.30523.141
MinimumVisualStudioVersion = 10.0.40219.1
Project("{FAE04EC0-301F-11D3-BF4B-00C04F79EFBC}") = "Ngsoft.Resto.Front.UI", "Ngsoft.Resto.Front.UI\Ngsoft.Resto.Front.UI.csproj", "{48219F69-95BF-4F93-B94F-DEFD5645B64C}"
EndProject
Global
	GlobalSection(SolutionConfigurationPlatforms) = preSolution
		Debug|Any CPU = Debug|Any CPU
		Release|Any CPU = Release|Any CPU
	EndGlobalSection
	GlobalSection(ProjectConfigurationPlatforms) = postSolution
		{48219F69-95BF-4F93-B94F-DEFD5645B64C}.Debug|Any CPU.ActiveCfg = Debug|Any CPU
		{48219F69-95BF-4F93-B94F-DEFD5645B64C}.Debug|Any CPU.Build.0 = Debug|Any CPU
		{48219F69-95BF-4F93-B94F-DEFD5645B64C}.Release|Any CPU.ActiveCfg = Release|Any CPU
		{48219F69-95BF-4F93-B94F-DEFD5645B64C}.Release|Any CPU.Build.0 = Release|Any CPU
	EndGlobalSection
	GlobalSection(SolutionProperties) = preSolution
		HideSolutionNode = FALSE
	EndGlobalSection
	GlobalSection(ExtensibilityGlobals) = postSolution
		SolutionGuid = {BA33C5C7-B312-4E98-880C-94319AF6636A}
	EndGlobalSection
EndGlobal
